
Microsoft Visual Studio Solution File, Format Version 12.00
# Visual Studio Version 17
VisualStudioVersion = 17.0.31903.59
MinimumVisualStudioVersion = 10.0.40219.1
Project("{FAE04EC0-301F-11D3-BF4B-00C04F79EFBC}") = "AuthServer", "AuthServer\AuthServer.csproj", "{DFA03EAF-8A45-45BE-A43F-BC510BF152AB}"
EndProject
Project("{FAE04EC0-301F-11D3-BF4B-00C04F79EFBC}") = "ProductsApi", "ProductsApi\ProductsApi.csproj", "{A83E09DA-1D57-46B8-98AB-9FBF2FDB37D4}"
EndProject
Project("{FAE04EC0-301F-11D3-BF4B-00C04F79EFBC}") = "ProductsPublisherAPI", "ProductsPublisherAPI\ProductsPublisherAPI.csproj", "{2157B8AF-AD3F-4274-BB78-3FF5915531C4}"
EndProject
Project("{FAE04EC0-301F-11D3-BF4B-00C04F79EFBC}") = "QueueWorker", "QueueWorker\QueueWorker.csproj", "{DF2E1BFD-852B-4309-BE3E-DF642DDE3A1C}"
EndProject
Global
	GlobalSection(SolutionConfigurationPlatforms) = preSolution
		Debug|Any CPU = Debug|Any CPU
		Debug|x64 = Debug|x64
		Debug|x86 = Debug|x86
		Release|Any CPU = Release|Any CPU
		Release|x64 = Release|x64
		Release|x86 = Release|x86
	EndGlobalSection
	GlobalSection(ProjectConfigurationPlatforms) = postSolution
		{DFA03EAF-8A45-45BE-A43F-BC510BF152AB}.Debug|Any CPU.ActiveCfg = Debug|Any CPU
		{DFA03EAF-8A45-45BE-A43F-BC510BF152AB}.Debug|Any CPU.Build.0 = Debug|Any CPU
		{DFA03EAF-8A45-45BE-A43F-BC510BF152AB}.Debug|x64.ActiveCfg = Debug|Any CPU
		{DFA03EAF-8A45-45BE-A43F-BC510BF152AB}.Debug|x64.Build.0 = Debug|Any CPU
		{DFA03EAF-8A45-45BE-A43F-BC510BF152AB}.Debug|x86.ActiveCfg = Debug|Any CPU
		{DFA03EAF-8A45-45BE-A43F-BC510BF152AB}.Debug|x86.Build.0 = Debug|Any CPU
		{DFA03EAF-8A45-45BE-A43F-BC510BF152AB}.Release|Any CPU.ActiveCfg = Release|Any CPU
		{DFA03EAF-8A45-45BE-A43F-BC510BF152AB}.Release|Any CPU.Build.0 = Release|Any CPU
		{DFA03EAF-8A45-45BE-A43F-BC510BF152AB}.Release|x64.ActiveCfg = Release|Any CPU
		{DFA03EAF-8A45-45BE-A43F-BC510BF152AB}.Release|x64.Build.0 = Release|Any CPU
		{DFA03EAF-8A45-45BE-A43F-BC510BF152AB}.Release|x86.ActiveCfg = Release|Any CPU
		{DFA03EAF-8A45-45BE-A43F-BC510BF152AB}.Release|x86.Build.0 = Release|Any CPU
		{A83E09DA-1D57-46B8-98AB-9FBF2FDB37D4}.Debug|Any CPU.ActiveCfg = Debug|Any CPU
		{A83E09DA-1D57-46B8-98AB-9FBF2FDB37D4}.Debug|Any CPU.Build.0 = Debug|Any CPU
		{A83E09DA-1D57-46B8-98AB-9FBF2FDB37D4}.Debug|x64.ActiveCfg = Debug|Any CPU
		{A83E09DA-1D57-46B8-98AB-9FBF2FDB37D4}.Debug|x64.Build.0 = Debug|Any CPU
		{A83E09DA-1D57-46B8-98AB-9FBF2FDB37D4}.Debug|x86.ActiveCfg = Debug|Any CPU
		{A83E09DA-1D57-46B8-98AB-9FBF2FDB37D4}.Debug|x86.Build.0 = Debug|Any CPU
		{A83E09DA-1D57-46B8-98AB-9FBF2FDB37D4}.Release|Any CPU.ActiveCfg = Release|Any CPU
		{A83E09DA-1D57-46B8-98AB-9FBF2FDB37D4}.Release|Any CPU.Build.0 = Release|Any CPU
		{A83E09DA-1D57-46B8-98AB-9FBF2FDB37D4}.Release|x64.ActiveCfg = Release|Any CPU
		{A83E09DA-1D57-46B8-98AB-9FBF2FDB37D4}.Release|x64.Build.0 = Release|Any CPU
		{A83E09DA-1D57-46B8-98AB-9FBF2FDB37D4}.Release|x86.ActiveCfg = Release|Any CPU
		{A83E09DA-1D57-46B8-98AB-9FBF2FDB37D4}.Release|x86.Build.0 = Release|Any CPU
		{2157B8AF-AD3F-4274-BB78-3FF5915531C4}.Debug|Any CPU.ActiveCfg = Debug|Any CPU
		{2157B8AF-AD3F-4274-BB78-3FF5915531C4}.Debug|Any CPU.Build.0 = Debug|Any CPU
		{2157B8AF-AD3F-4274-BB78-3FF5915531C4}.Debug|x64.ActiveCfg = Debug|Any CPU
		{2157B8AF-AD3F-4274-BB78-3FF5915531C4}.Debug|x64.Build.0 = Debug|Any CPU
		{2157B8AF-AD3F-4274-BB78-3FF5915531C4}.Debug|x86.ActiveCfg = Debug|Any CPU
		{2157B8AF-AD3F-4274-BB78-3FF5915531C4}.Debug|x86.Build.0 = Debug|Any CPU
		{2157B8AF-AD3F-4274-BB78-3FF5915531C4}.Release|Any CPU.ActiveCfg = Release|Any CPU
		{2157B8AF-AD3F-4274-BB78-3FF5915531C4}.Release|Any CPU.Build.0 = Release|Any CPU
		{2157B8AF-AD3F-4274-BB78-3FF5915531C4}.Release|x64.ActiveCfg = Release|Any CPU
		{2157B8AF-AD3F-4274-BB78-3FF5915531C4}.Release|x64.Build.0 = Release|Any CPU
		{2157B8AF-AD3F-4274-BB78-3FF5915531C4}.Release|x86.ActiveCfg = Release|Any CPU
		{2157B8AF-AD3F-4274-BB78-3FF5915531C4}.Release|x86.Build.0 = Release|Any CPU
		{DF2E1BFD-852B-4309-BE3E-DF642DDE3A1C}.Debug|Any CPU.ActiveCfg = Debug|Any CPU
		{DF2E1BFD-852B-4309-BE3E-DF642DDE3A1C}.Debug|Any CPU.Build.0 = Debug|Any CPU
		{DF2E1BFD-852B-4309-BE3E-DF642DDE3A1C}.Debug|x64.ActiveCfg = Debug|Any CPU
		{DF2E1BFD-852B-4309-BE3E-DF642DDE3A1C}.Debug|x64.Build.0 = Debug|Any CPU
		{DF2E1BFD-852B-4309-BE3E-DF642DDE3A1C}.Debug|x86.ActiveCfg = Debug|Any CPU
		{DF2E1BFD-852B-4309-BE3E-DF642DDE3A1C}.Debug|x86.Build.0 = Debug|Any CPU
		{DF2E1BFD-852B-4309-BE3E-DF642DDE3A1C}.Release|Any CPU.ActiveCfg = Release|Any CPU
		{DF2E1BFD-852B-4309-BE3E-DF642DDE3A1C}.Release|Any CPU.Build.0 = Release|Any CPU
		{DF2E1BFD-852B-4309-BE3E-DF642DDE3A1C}.Release|x64.ActiveCfg = Release|Any CPU
		{DF2E1BFD-852B-4309-BE3E-DF642DDE3A1C}.Release|x64.Build.0 = Release|Any CPU
		{DF2E1BFD-852B-4309-BE3E-DF642DDE3A1C}.Release|x86.ActiveCfg = Release|Any CPU
		{DF2E1BFD-852B-4309-BE3E-DF642DDE3A1C}.Release|x86.Build.0 = Release|Any CPU
	EndGlobalSection
	GlobalSection(SolutionProperties) = preSolution
		HideSolutionNode = FALSE
	EndGlobalSection
EndGlobal
